{
  "version": 4,
  "terraform_version": "1.6.4",
  "serial": 736,
  "lineage": "880443e7-ee7a-b603-0816-1b9332745a7c",
  "outputs": {},
  "resources": [
    {
      "mode": "managed",
      "type": "aws_db_option_group",
      "name": "example",
      "provider": "provider[\"registry.terraform.io/hashicorp/aws\"]",
      "instances": [
        {
          "schema_version": 0,
          "attributes": {
            "arn": "arn:aws:rds:ap-northeast-1:730054542356:og:example",
            "engine_name": "mysql",
            "id": "example",
            "major_engine_version": "8.0",
            "name": "example",
            "name_prefix": "",
            "option": [],
            "option_group_description": "Managed by Terraform",
            "tags": {},
            "tags_all": {},
            "timeouts": null
          },
          "sensitive_attributes": [],
          "private": "eyJlMmJmYjczMC1lY2FhLTExZTYtOGY4OC0zNDM2M2JjN2M0YzAiOnsiZGVsZXRlIjo5MDAwMDAwMDAwMDB9fQ=="
        }
      ]
    }
  ],
  "check_results": null
}
