{
  "version": 4,
  "terraform_version": "1.6.4",
  "serial": 3,
  "lineage": "8a409590-4328-115f-262f-812eb2a2f205",
  "outputs": {},
  "resources": [
    {
      "mode": "managed",
      "type": "aws_kms_alias",
      "name": "example",
      "provider": "provider[\"registry.terraform.io/hashicorp/aws\"]",
      "instances": [
        {
          "schema_version": 0,
          "attributes": {
            "arn": "arn:aws:kms:ap-northeast-1:730054542356:alias/example",
            "id": "alias/example",
            "name": "alias/example",
            "name_prefix": "",
            "target_key_arn": "arn:aws:kms:ap-northeast-1:730054542356:key/5137bba4-8e84-450f-98f1-bcff835168e9",
            "target_key_id": "5137bba4-8e84-450f-98f1-bcff835168e9"
          },
          "sensitive_attributes": [],
          "private": "bnVsbA==",
          "dependencies": [
            "aws_kms_key.example"
          ]
        }
      ]
    },
    {
      "mode": "managed",
      "type": "aws_kms_key",
      "name": "example",
      "provider": "provider[\"registry.terraform.io/hashicorp/aws\"]",
      "instances": [
        {
          "schema_version": 0,
          "attributes": {
            "arn": "arn:aws:kms:ap-northeast-1:730054542356:key/5137bba4-8e84-450f-98f1-bcff835168e9",
            "bypass_policy_lockout_safety_check": false,
            "custom_key_store_id": "",
            "customer_master_key_spec": "SYMMETRIC_DEFAULT",
            "deletion_window_in_days": 30,
            "description": "Example Customer Master Key",
            "enable_key_rotation": true,
            "id": "5137bba4-8e84-450f-98f1-bcff835168e9",
            "is_enabled": true,
            "key_id": "5137bba4-8e84-450f-98f1-bcff835168e9",
            "key_usage": "ENCRYPT_DECRYPT",
            "multi_region": false,
            "policy": "{\"Id\":\"key-default-1\",\"Statement\":[{\"Action\":\"kms:*\",\"Effect\":\"Allow\",\"Principal\":{\"AWS\":\"arn:aws:iam::730054542356:root\"},\"Resource\":\"*\",\"Sid\":\"Enable IAM User Permissions\"}],\"Version\":\"2012-10-17\"}",
            "tags": null,
            "tags_all": {},
            "timeouts": null
          },
          "sensitive_attributes": [],
          "private": "eyJlMmJmYjczMC1lY2FhLTExZTYtOGY4OC0zNDM2M2JjN2M0YzAiOnsiY3JlYXRlIjoxMjAwMDAwMDAwMDB9fQ=="
        }
      ]
    }
  ],
  "check_results": null
}
